// !$*UTF8*$!
{
	archiveVersion = 1;
	classes = {
	};
	objectVersion = 56;
	objects = {

/* Begin PBXBuildFile section */
		553316ED2A955355008627D9 /* LandmarksRepoApp.swift in Sources */ = {isa = PBXBuildFile; fileRef = 553316EC2A955355008627D9 /* LandmarksRepoApp.swift */; };
		553316F12A955356008627D9 /* Assets.xcassets in Resources */ = {isa = PBXBuildFile; fileRef = 553316F02A955356008627D9 /* Assets.xcassets */; };
		553316F42A955356008627D9 /* Preview Assets.xcassets in Resources */ = {isa = PBXBuildFile; fileRef = 553316F32A955356008627D9 /* Preview Assets.xcassets */; };
		553316FD2A95599E008627D9 /* ContentView.swift in Sources */ = {isa = PBXBuildFile; fileRef = 553316FC2A95599E008627D9 /* ContentView.swift */; };
		553317292A955A4A008627D9 /* MapView.swift in Sources */ = {isa = PBXBuildFile; fileRef = 553317092A955A4A008627D9 /* MapView.swift */; };
		5533172A2A955A4A008627D9 /* CircleImage.swift in Sources */ = {isa = PBXBuildFile; fileRef = 5533170A2A955A4A008627D9 /* CircleImage.swift */; };
		5533172B2A955A4A008627D9 /* FavoriteButton.swift in Sources */ = {isa = PBXBuildFile; fileRef = 5533170B2A955A4A008627D9 /* FavoriteButton.swift */; };
		5533172C2A955A4A008627D9 /* LandmarkList.swift in Sources */ = {isa = PBXBuildFile; fileRef = 5533170D2A955A4A008627D9 /* LandmarkList.swift */; };
		5533172D2A955A4A008627D9 /* LandmarkDetail.swift in Sources */ = {isa = PBXBuildFile; fileRef = 5533170E2A955A4A008627D9 /* LandmarkDetail.swift */; };
		5533172E2A955A4A008627D9 /* LandmarkRow.swift in Sources */ = {isa = PBXBuildFile; fileRef = 5533170F2A955A4A008627D9 /* LandmarkRow.swift */; };
		5533172F2A955A4A008627D9 /* FeatureCard.swift in Sources */ = {isa = PBXBuildFile; fileRef = 553317112A955A4A008627D9 /* FeatureCard.swift */; };
		553317302A955A4A008627D9 /* PageControl.swift in Sources */ = {isa = PBXBuildFile; fileRef = 553317122A955A4A008627D9 /* PageControl.swift */; };
		553317312A955A4A008627D9 /* PageViewController.swift in Sources */ = {isa = PBXBuildFile; fileRef = 553317132A955A4A008627D9 /* PageViewController.swift */; };
		553317322A955A4A008627D9 /* PageView.swift in Sources */ = {isa = PBXBuildFile; fileRef = 553317142A955A4A008627D9 /* PageView.swift */; };
		553317332A955A4A008627D9 /* RotatedBadgeSymbol.swift in Sources */ = {isa = PBXBuildFile; fileRef = 553317162A955A4A008627D9 /* RotatedBadgeSymbol.swift */; };
		553317342A955A4A008627D9 /* HexagonParameters.swift in Sources */ = {isa = PBXBuildFile; fileRef = 553317172A955A4A008627D9 /* HexagonParameters.swift */; };
		553317352A955A4A008627D9 /* BadgeSymbol.swift in Sources */ = {isa = PBXBuildFile; fileRef = 553317182A955A4A008627D9 /* BadgeSymbol.swift */; };
		553317362A955A4A008627D9 /* BadgeBackground.swift in Sources */ = {isa = PBXBuildFile; fileRef = 553317192A955A4A008627D9 /* BadgeBackground.swift */; };
		553317372A955A4A008627D9 /* Badge.swift in Sources */ = {isa = PBXBuildFile; fileRef = 5533171A2A955A4A008627D9 /* Badge.swift */; };
		553317382A955A4A008627D9 /* CategoryItem.swift in Sources */ = {isa = PBXBuildFile; fileRef = 5533171C2A955A4A008627D9 /* CategoryItem.swift */; };
		553317392A955A4A008627D9 /* CategoryHome.swift in Sources */ = {isa = PBXBuildFile; fileRef = 5533171D2A955A4A008627D9 /* CategoryHome.swift */; };
		5533173A2A955A4A008627D9 /* CategoryRow.swift in Sources */ = {isa = PBXBuildFile; fileRef = 5533171E2A955A4A008627D9 /* CategoryRow.swift */; };
		5533173B2A955A4A008627D9 /* ProfileSummary.swift in Sources */ = {isa = PBXBuildFile; fileRef = 553317202A955A4A008627D9 /* ProfileSummary.swift */; };
		5533173C2A955A4A008627D9 /* ProfileEditor.swift in Sources */ = {isa = PBXBuildFile; fileRef = 553317212A955A4A008627D9 /* ProfileEditor.swift */; };
		5533173D2A955A4A008627D9 /* ProfileHost.swift in Sources */ = {isa = PBXBuildFile; fileRef = 553317222A955A4A008627D9 /* ProfileHost.swift */; };
		5533173E2A955A4A008627D9 /* GraphCapsule.swift in Sources */ = {isa = PBXBuildFile; fileRef = 553317242A955A4A008627D9 /* GraphCapsule.swift */; };
		5533173F2A955A4A008627D9 /* HikeGraph.swift in Sources */ = {isa = PBXBuildFile; fileRef = 553317252A955A4A008627D9 /* HikeGraph.swift */; };
		553317402A955A4A008627D9 /* HikeBadge.swift in Sources */ = {isa = PBXBuildFile; fileRef = 553317262A955A4A008627D9 /* HikeBadge.swift */; };
		553317412A955A4A008627D9 /* HikeDetail.swift in Sources */ = {isa = PBXBuildFile; fileRef = 553317272A955A4A008627D9 /* HikeDetail.swift */; };
		553317422A955A4A008627D9 /* HikeView.swift in Sources */ = {isa = PBXBuildFile; fileRef = 553317282A955A4A008627D9 /* HikeView.swift */; };
		5533174B2A955A66008627D9 /* Profile.swift in Sources */ = {isa = PBXBuildFile; fileRef = 553317442A955A66008627D9 /* Profile.swift */; };
		5533174C2A955A66008627D9 /* Hike.swift in Sources */ = {isa = PBXBuildFile; fileRef = 553317452A955A66008627D9 /* Hike.swift */; };
		5533174D2A955A66008627D9 /* ModelData.swift in Sources */ = {isa = PBXBuildFile; fileRef = 553317462A955A66008627D9 /* ModelData.swift */; };
		5533174E2A955A66008627D9 /* Landmark.swift in Sources */ = {isa = PBXBuildFile; fileRef = 553317472A955A66008627D9 /* Landmark.swift */; };
		5533174F2A955A66008627D9 /* hikeData.json in Resources */ = {isa = PBXBuildFile; fileRef = 553317492A955A66008627D9 /* hikeData.json */; };
		553317502A955A66008627D9 /* landmarkData.json in Resources */ = {isa = PBXBuildFile; fileRef = 5533174A2A955A66008627D9 /* landmarkData.json */; };
/* End PBXBuildFile section */

/* Begin PBXFileReference section */
		553316E92A955355008627D9 /* LandmarksRepo.app */ = {isa = PBXFileReference; explicitFileType = wrapper.application; includeInIndex = 0; path = LandmarksRepo.app; sourceTree = BUILT_PRODUCTS_DIR; };
		553316EC2A955355008627D9 /* LandmarksRepoApp.swift */ = {isa = PBXFileReference; lastKnownFileType = sourcecode.swift; path = LandmarksRepoApp.swift; sourceTree = "<group>"; };
		553316F02A955356008627D9 /* Assets.xcassets */ = {isa = PBXFileReference; lastKnownFileType = folder.assetcatalog; path = Assets.xcassets; sourceTree = "<group>"; };
		553316F32A955356008627D9 /* Preview Assets.xcassets */ = {isa = PBXFileReference; lastKnownFileType = folder.assetcatalog; path = "Preview Assets.xcassets"; sourceTree = "<group>"; };
		553316FC2A95599E008627D9 /* ContentView.swift */ = {isa = PBXFileReference; fileEncoding = 4; lastKnownFileType = sourcecode.swift; path = ContentView.swift; sourceTree = "<group>"; };
		553317092A955A4A008627D9 /* MapView.swift */ = {isa = PBXFileReference; fileEncoding = 4; lastKnownFileType = sourcecode.swift; path = MapView.swift; sourceTree = "<group>"; };
		5533170A2A955A4A008627D9 /* CircleImage.swift */ = {isa = PBXFileReference; fileEncoding = 4; lastKnownFileType = sourcecode.swift; path = CircleImage.swift; sourceTree = "<group>"; };
		5533170B2A955A4A008627D9 /* FavoriteButton.swift */ = {isa = PBXFileReference; fileEncoding = 4; lastKnownFileType = sourcecode.swift; path = FavoriteButton.swift; sourceTree = "<group>"; };
		5533170D2A955A4A008627D9 /* LandmarkList.swift */ = {isa = PBXFileReference; fileEncoding = 4; lastKnownFileType = sourcecode.swift; path = LandmarkList.swift; sourceTree = "<group>"; };
		5533170E2A955A4A008627D9 /* LandmarkDetail.swift */ = {isa = PBXFileReference; fileEncoding = 4; lastKnownFileType = sourcecode.swift; path = LandmarkDetail.swift; sourceTree = "<group>"; };
		5533170F2A955A4A008627D9 /* LandmarkRow.swift */ = {isa = PBXFileReference; fileEncoding = 4; lastKnownFileType = sourcecode.swift; path = LandmarkRow.swift; sourceTree = "<group>"; };
		553317112A955A4A008627D9 /* FeatureCard.swift */ = {isa = PBXFileReference; fileEncoding = 4; lastKnownFileType = sourcecode.swift; path = FeatureCard.swift; sourceTree = "<group>"; };
		553317122A955A4A008627D9 /* PageControl.swift */ = {isa = PBXFileReference; fileEncoding = 4; lastKnownFileType = sourcecode.swift; path = PageControl.swift; sourceTree = "<group>"; };
		553317132A955A4A008627D9 /* PageViewController.swift */ = {isa = PBXFileReference; fileEncoding = 4; lastKnownFileType = sourcecode.swift; path = PageViewController.swift; sourceTree = "<group>"; };
		553317142A955A4A008627D9 /* PageView.swift */ = {isa = PBXFileReference; fileEncoding = 4; lastKnownFileType = sourcecode.swift; path = PageView.swift; sourceTree = "<group>"; };
		553317162A955A4A008627D9 /* RotatedBadgeSymbol.swift */ = {isa = PBXFileReference; fileEncoding = 4; lastKnownFileType = sourcecode.swift; path = RotatedBadgeSymbol.swift; sourceTree = "<group>"; };
		553317172A955A4A008627D9 /* HexagonParameters.swift */ = {isa = PBXFileReference; fileEncoding = 4; lastKnownFileType = sourcecode.swift; path = HexagonParameters.swift; sourceTree = "<group>"; };
		553317182A955A4A008627D9 /* BadgeSymbol.swift */ = {isa = PBXFileReference; fileEncoding = 4; lastKnownFileType = sourcecode.swift; path = BadgeSymbol.swift; sourceTree = "<group>"; };
		553317192A955A4A008627D9 /* BadgeBackground.swift */ = {isa = PBXFileReference; fileEncoding = 4; lastKnownFileType = sourcecode.swift; path = BadgeBackground.swift; sourceTree = "<group>"; };
		5533171A2A955A4A008627D9 /* Badge.swift */ = {isa = PBXFileReference; fileEncoding = 4; lastKnownFileType = sourcecode.swift; path = Badge.swift; sourceTree = "<group>"; };
		5533171C2A955A4A008627D9 /* CategoryItem.swift */ = {isa = PBXFileReference; fileEncoding = 4; lastKnownFileType = sourcecode.swift; path = CategoryItem.swift; sourceTree = "<group>"; };
		5533171D2A955A4A008627D9 /* CategoryHome.swift */ = {isa = PBXFileReference; fileEncoding = 4; lastKnownFileType = sourcecode.swift; path = CategoryHome.swift; sourceTree = "<group>"; };
		5533171E2A955A4A008627D9 /* CategoryRow.swift */ = {isa = PBXFileReference; fileEncoding = 4; lastKnownFileType = sourcecode.swift; path = CategoryRow.swift; sourceTree = "<group>"; };
		553317202A955A4A008627D9 /* ProfileSummary.swift */ = {isa = PBXFileReference; fileEncoding = 4; lastKnownFileType = sourcecode.swift; path = ProfileSummary.swift; sourceTree = "<group>"; };
		553317212A955A4A008627D9 /* ProfileEditor.swift */ = {isa = PBXFileReference; fileEncoding = 4; lastKnownFileType = sourcecode.swift; path = ProfileEditor.swift; sourceTree = "<group>"; };
		553317222A955A4A008627D9 /* ProfileHost.swift */ = {isa = PBXFileReference; fileEncoding = 4; lastKnownFileType = sourcecode.swift; path = ProfileHost.swift; sourceTree = "<group>"; };
		553317242A955A4A008627D9 /* GraphCapsule.swift */ = {isa = PBXFileReference; fileEncoding = 4; lastKnownFileType = sourcecode.swift; path = GraphCapsule.swift; sourceTree = "<group>"; };
		553317252A955A4A008627D9 /* HikeGraph.swift */ = {isa = PBXFileReference; fileEncoding = 4; lastKnownFileType = sourcecode.swift; path = HikeGraph.swift; sourceTree = "<group>"; };
		553317262A955A4A008627D9 /* HikeBadge.swift */ = {isa = PBXFileReference; fileEncoding = 4; lastKnownFileType = sourcecode.swift; path = HikeBadge.swift; sourceTree = "<group>"; };
		553317272A955A4A008627D9 /* HikeDetail.swift */ = {isa = PBXFileReference; fileEncoding = 4; lastKnownFileType = sourcecode.swift; path = HikeDetail.swift; sourceTree = "<group>"; };
		553317282A955A4A008627D9 /* HikeView.swift */ = {isa = PBXFileReference; fileEncoding = 4; lastKnownFileType = sourcecode.swift; path = HikeView.swift; sourceTree = "<group>"; };
		553317442A955A66008627D9 /* Profile.swift */ = {isa = PBXFileReference; fileEncoding = 4; lastKnownFileType = sourcecode.swift; path = Profile.swift; sourceTree = "<group>"; };
		553317452A955A66008627D9 /* Hike.swift */ = {isa = PBXFileReference; fileEncoding = 4; lastKnownFileType = sourcecode.swift; path = Hike.swift; sourceTree = "<group>"; };
		553317462A955A66008627D9 /* ModelData.swift */ = {isa = PBXFileReference; fileEncoding = 4; lastKnownFileType = sourcecode.swift; path = ModelData.swift; sourceTree = "<group>"; };
		553317472A955A66008627D9 /* Landmark.swift */ = {isa = PBXFileReference; fileEncoding = 4; lastKnownFileType = sourcecode.swift; path = Landmark.swift; sourceTree = "<group>"; };
		553317492A955A66008627D9 /* hikeData.json */ = {isa = PBXFileReference; fileEncoding = 4; lastKnownFileType = text.json; path = hikeData.json; sourceTree = "<group>"; };
		5533174A2A955A66008627D9 /* landmarkData.json */ = {isa = PBXFileReference; fileEncoding = 4; lastKnownFileType = text.json; path = landmarkData.json; sourceTree = "<group>"; };
/* End PBXFileReference section */

/* Begin PBXFrameworksBuildPhase section */
		553316E62A955355008627D9 /* Frameworks */ = {
			isa = PBXFrameworksBuildPhase;
			buildActionMask = 2147483647;
			files = (
			);
			runOnlyForDeploymentPostprocessing = 0;
		};
/* End PBXFrameworksBuildPhase section */

/* Begin PBXGroup section */
		553316E02A955355008627D9 = {
			isa = PBXGroup;
			children = (
				553316EB2A955355008627D9 /* LandmarksRepo */,
				553316EA2A955355008627D9 /* Products */,
			);
			sourceTree = "<group>";
		};
		553316EA2A955355008627D9 /* Products */ = {
			isa = PBXGroup;
			children = (
				553316E92A955355008627D9 /* LandmarksRepo.app */,
			);
			name = Products;
			sourceTree = "<group>";
		};
		553316EB2A955355008627D9 /* LandmarksRepo */ = {
			isa = PBXGroup;
			children = (
				553316EC2A955355008627D9 /* LandmarksRepoApp.swift */,
				553316FE2A9559C8008627D9 /* Views */,
				553317432A955A66008627D9 /* Model */,
				553317482A955A66008627D9 /* Resources */,
				553316F02A955356008627D9 /* Assets.xcassets */,
				553316F22A955356008627D9 /* Preview Content */,
			);
			path = LandmarksRepo;
			sourceTree = "<group>";
		};
		553316F22A955356008627D9 /* Preview Content */ = {
			isa = PBXGroup;
			children = (
				553316F32A955356008627D9 /* Preview Assets.xcassets */,
			);
			path = "Preview Content";
			sourceTree = "<group>";
		};
		553316FE2A9559C8008627D9 /* Views */ = {
			isa = PBXGroup;
			children = (
				553316FC2A95599E008627D9 /* ContentView.swift */,
				553317152A955A4A008627D9 /* Badges */,
				5533171B2A955A4A008627D9 /* Categories */,
				553317082A955A4A008627D9 /* Helpers */,
				553317232A955A4A008627D9 /* Hikes */,
				5533170C2A955A4A008627D9 /* Landmarks */,
				553317102A955A4A008627D9 /* PageView */,
				5533171F2A955A4A008627D9 /* Profiles */,
			);
			path = Views;
			sourceTree = "<group>";
		};
		553317082A955A4A008627D9 /* Helpers */ = {
			isa = PBXGroup;
			children = (
				553317092A955A4A008627D9 /* MapView.swift */,
				5533170A2A955A4A008627D9 /* CircleImage.swift */,
				5533170B2A955A4A008627D9 /* FavoriteButton.swift */,
			);
			path = Helpers;
			sourceTree = "<group>";
		};
		5533170C2A955A4A008627D9 /* Landmarks */ = {
			isa = PBXGroup;
			children = (
				5533170D2A955A4A008627D9 /* LandmarkList.swift */,
				5533170E2A955A4A008627D9 /* LandmarkDetail.swift */,
				5533170F2A955A4A008627D9 /* LandmarkRow.swift */,
			);
			path = Landmarks;
			sourceTree = "<group>";
		};
		553317102A955A4A008627D9 /* PageView */ = {
			isa = PBXGroup;
			children = (
				553317112A955A4A008627D9 /* FeatureCard.swift */,
				553317122A955A4A008627D9 /* PageControl.swift */,
				553317132A955A4A008627D9 /* PageViewController.swift */,
				553317142A955A4A008627D9 /* PageView.swift */,
			);
			path = PageView;
			sourceTree = "<group>";
		};
		553317152A955A4A008627D9 /* Badges */ = {
			isa = PBXGroup;
			children = (
				553317162A955A4A008627D9 /* RotatedBadgeSymbol.swift */,
				553317172A955A4A008627D9 /* HexagonParameters.swift */,
				553317182A955A4A008627D9 /* BadgeSymbol.swift */,
				553317192A955A4A008627D9 /* BadgeBackground.swift */,
				5533171A2A955A4A008627D9 /* Badge.swift */,
			);
			path = Badges;
			sourceTree = "<group>";
		};
		5533171B2A955A4A008627D9 /* Categories */ = {
			isa = PBXGroup;
			children = (
				5533171C2A955A4A008627D9 /* CategoryItem.swift */,
				5533171D2A955A4A008627D9 /* CategoryHome.swift */,
				5533171E2A955A4A008627D9 /* CategoryRow.swift */,
			);
			path = Categories;
			sourceTree = "<group>";
		};
		5533171F2A955A4A008627D9 /* Profiles */ = {
			isa = PBXGroup;
			children = (
				553317202A955A4A008627D9 /* ProfileSummary.swift */,
				553317212A955A4A008627D9 /* ProfileEditor.swift */,
				553317222A955A4A008627D9 /* ProfileHost.swift */,
			);
			path = Profiles;
			sourceTree = "<group>";
		};
		553317232A955A4A008627D9 /* Hikes */ = {
			isa = PBXGroup;
			children = (
				553317242A955A4A008627D9 /* GraphCapsule.swift */,
				553317252A955A4A008627D9 /* HikeGraph.swift */,
				553317262A955A4A008627D9 /* HikeBadge.swift */,
				553317272A955A4A008627D9 /* HikeDetail.swift */,
				553317282A955A4A008627D9 /* HikeView.swift */,
			);
			path = Hikes;
			sourceTree = "<group>";
		};
		553317432A955A66008627D9 /* Model */ = {
			isa = PBXGroup;
			children = (
				553317442A955A66008627D9 /* Profile.swift */,
				553317452A955A66008627D9 /* Hike.swift */,
				553317462A955A66008627D9 /* ModelData.swift */,
				553317472A955A66008627D9 /* Landmark.swift */,
			);
			path = Model;
			sourceTree = "<group>";
		};
		553317482A955A66008627D9 /* Resources */ = {
			isa = PBXGroup;
			children = (
				553317492A955A66008627D9 /* hikeData.json */,
				5533174A2A955A66008627D9 /* landmarkData.json */,
			);
			path = Resources;
			sourceTree = "<group>";
		};
/* End PBXGroup section */

/* Begin PBXNativeTarget section */
		553316E82A955355008627D9 /* LandmarksRepo */ = {
			isa = PBXNativeTarget;
			buildConfigurationList = 553316F72A955356008627D9 /* Build configuration list for PBXNativeTarget "LandmarksRepo" */;
			buildPhases = (
				553316E52A955355008627D9 /* Sources */,
				553316E62A955355008627D9 /* Frameworks */,
				553316E72A955355008627D9 /* Resources */,
			);
			buildRules = (
			);
			dependencies = (
			);
			name = LandmarksRepo;
			productName = LandmarksRepo;
			productReference = 553316E92A955355008627D9 /* LandmarksRepo.app */;
			productType = "com.apple.product-type.application";
		};
/* End PBXNativeTarget section */

/* Begin PBXProject section */
		553316E12A955355008627D9 /* Project object */ = {
			isa = PBXProject;
			attributes = {
				BuildIndependentTargetsInParallel = 1;
				LastSwiftUpdateCheck = 1430;
				LastUpgradeCheck = 1430;
				TargetAttributes = {
					553316E82A955355008627D9 = {
						CreatedOnToolsVersion = 14.3.1;
					};
				};
			};
			buildConfigurationList = 553316E42A955355008627D9 /* Build configuration list for PBXProject "LandmarksRepo" */;
			compatibilityVersion = "Xcode 14.0";
			developmentRegion = en;
			hasScannedForEncodings = 0;
			knownRegions = (
				en,
				Base,
			);
			mainGroup = 553316E02A955355008627D9;
			productRefGroup = 553316EA2A955355008627D9 /* Products */;
			projectDirPath = "";
			projectRoot = "";
			targets = (
				553316E82A955355008627D9 /* LandmarksRepo */,
			);
		};
/* End PBXProject section */

/* Begin PBXResourcesBuildPhase section */
		553316E72A955355008627D9 /* Resources */ = {
			isa = PBXResourcesBuildPhase;
			buildActionMask = 2147483647;
			files = (
				553316F42A955356008627D9 /* Preview Assets.xcassets in Resources */,
				553317502A955A66008627D9 /* landmarkData.json in Resources */,
				5533174F2A955A66008627D9 /* hikeData.json in Resources */,
				553316F12A955356008627D9 /* Assets.xcassets in Resources */,
			);
			runOnlyForDeploymentPostprocessing = 0;
		};
/* End PBXResourcesBuildPhase section */

/* Begin PBXSourcesBuildPhase section */
		553316E52A955355008627D9 /* Sources */ = {
			isa = PBXSourcesBuildPhase;
			buildActionMask = 2147483647;
			files = (
				5533174C2A955A66008627D9 /* Hike.swift in Sources */,
				553317342A955A4A008627D9 /* HexagonParameters.swift in Sources */,
				553317372A955A4A008627D9 /* Badge.swift in Sources */,
				5533174B2A955A66008627D9 /* Profile.swift in Sources */,
				5533173B2A955A4A008627D9 /* ProfileSummary.swift in Sources */,
				5533173D2A955A4A008627D9 /* ProfileHost.swift in Sources */,
				5533173A2A955A4A008627D9 /* CategoryRow.swift in Sources */,
				553317302A955A4A008627D9 /* PageControl.swift in Sources */,
				553317322A955A4A008627D9 /* PageView.swift in Sources */,
				553317382A955A4A008627D9 /* CategoryItem.swift in Sources */,
				553317362A955A4A008627D9 /* BadgeBackground.swift in Sources */,
				553317422A955A4A008627D9 /* HikeView.swift in Sources */,
				5533174D2A955A66008627D9 /* ModelData.swift in Sources */,
				553316FD2A95599E008627D9 /* ContentView.swift in Sources */,
				553317312A955A4A008627D9 /* PageViewController.swift in Sources */,
				553317412A955A4A008627D9 /* HikeDetail.swift in Sources */,
				5533172F2A955A4A008627D9 /* FeatureCard.swift in Sources */,
				5533172C2A955A4A008627D9 /* LandmarkList.swift in Sources */,
				5533173F2A955A4A008627D9 /* HikeGraph.swift in Sources */,
				5533174E2A955A66008627D9 /* Landmark.swift in Sources */,
				5533172A2A955A4A008627D9 /* CircleImage.swift in Sources */,
				553317392A955A4A008627D9 /* CategoryHome.swift in Sources */,
				553317402A955A4A008627D9 /* HikeBadge.swift in Sources */,
				553317352A955A4A008627D9 /* BadgeSymbol.swift in Sources */,
				553317292A955A4A008627D9 /* MapView.swift in Sources */,
				5533172B2A955A4A008627D9 /* FavoriteButton.swift in Sources */,
				553316ED2A955355008627D9 /* LandmarksRepoApp.swift in Sources */,
				5533173C2A955A4A008627D9 /* ProfileEditor.swift in Sources */,
				5533173E2A955A4A008627D9 /* GraphCapsule.swift in Sources */,
				553317332A955A4A008627D9 /* RotatedBadgeSymbol.swift in Sources */,
				5533172E2A955A4A008627D9 /* LandmarkRow.swift in Sources */,
				5533172D2A955A4A008627D9 /* LandmarkDetail.swift in Sources */,
			);
			runOnlyForDeploymentPostprocessing = 0;
		};
/* End PBXSourcesBuildPhase section */

/* Begin XCBuildConfiguration section */
		553316F52A955356008627D9 /* Debug */ = {
			isa = XCBuildConfiguration;
			buildSettings = {
				ALWAYS_SEARCH_USER_PATHS = NO;
				CLANG_ANALYZER_NONNULL = YES;
				CLANG_ANALYZER_NUMBER_OBJECT_CONVERSION = YES_AGGRESSIVE;
				CLANG_CXX_LANGUAGE_STANDARD = "gnu++20";
				CLANG_ENABLE_MODULES = YES;
				CLANG_ENABLE_OBJC_ARC = YES;
				CLANG_ENABLE_OBJC_WEAK = YES;
				CLANG_WARN_BLOCK_CAPTURE_AUTORELEASING = YES;
				CLANG_WARN_BOOL_CONVERSION = YES;
				CLANG_WARN_COMMA = YES;
				CLANG_WARN_CONSTANT_CONVERSION = YES;
				CLANG_WARN_DEPRECATED_OBJC_IMPLEMENTATIONS = YES;
				CLANG_WARN_DIRECT_OBJC_ISA_USAGE = YES_ERROR;
				CLANG_WARN_DOCUMENTATION_COMMENTS = YES;
				CLANG_WARN_EMPTY_BODY = YES;
				CLANG_WARN_ENUM_CONVERSION = YES;
				CLANG_WARN_INFINITE_RECURSION = YES;
				CLANG_WARN_INT_CONVERSION = YES;
				CLANG_WARN_NON_LITERAL_NULL_CONVERSION = YES;
				CLANG_WARN_OBJC_IMPLICIT_RETAIN_SELF = YES;
				CLANG_WARN_OBJC_LITERAL_CONVERSION = YES;
				CLANG_WARN_OBJC_ROOT_CLASS = YES_ERROR;
				CLANG_WARN_QUOTED_INCLUDE_IN_FRAMEWORK_HEADER = YES;
				CLANG_WARN_RANGE_LOOP_ANALYSIS = YES;
				CLANG_WARN_STRICT_PROTOTYPES = YES;
				CLANG_WARN_SUSPICIOUS_MOVE = YES;
				CLANG_WARN_UNGUARDED_AVAILABILITY = YES_AGGRESSIVE;
				CLANG_WARN_UNREACHABLE_CODE = YES;
				CLANG_WARN__DUPLICATE_METHOD_MATCH = YES;
				COPY_PHASE_STRIP = NO;
				DEBUG_INFORMATION_FORMAT = dwarf;
				ENABLE_STRICT_OBJC_MSGSEND = YES;
				ENABLE_TESTABILITY = YES;
				GCC_C_LANGUAGE_STANDARD = gnu11;
				GCC_DYNAMIC_NO_PIC = NO;
				GCC_NO_COMMON_BLOCKS = YES;
				GCC_OPTIMIZATION_LEVEL = 0;
				GCC_PREPROCESSOR_DEFINITIONS = (
					"DEBUG=1",
					"$(inherited)",
				);
				GCC_WARN_64_TO_32_BIT_CONVERSION = YES;
				GCC_WARN_ABOUT_RETURN_TYPE = YES_ERROR;
				GCC_WARN_UNDECLARED_SELECTOR = YES;
				GCC_WARN_UNINITIALIZED_AUTOS = YES_AGGRESSIVE;
				GCC_WARN_UNUSED_FUNCTION = YES;
				GCC_WARN_UNUSED_VARIABLE = YES;
				IPHONEOS_DEPLOYMENT_TARGET = 16.4;
				MTL_ENABLE_DEBUG_INFO = INCLUDE_SOURCE;
				MTL_FAST_MATH = YES;
				ONLY_ACTIVE_ARCH = YES;
				SDKROOT = iphoneos;
				SWIFT_ACTIVE_COMPILATION_CONDITIONS = DEBUG;
				SWIFT_OPTIMIZATION_LEVEL = "-Onone";
			};
			name = Debug;
		};
		553316F62A955356008627D9 /* Release */ = {
			isa = XCBuildConfiguration;
			buildSettings = {
				ALWAYS_SEARCH_USER_PATHS = NO;
				CLANG_ANALYZER_NONNULL = YES;
				CLANG_ANALYZER_NUMBER_OBJECT_CONVERSION = YES_AGGRESSIVE;
				CLANG_CXX_LANGUAGE_STANDARD = "gnu++20";
				CLANG_ENABLE_MODULES = YES;
				CLANG_ENABLE_OBJC_ARC = YES;
				CLANG_ENABLE_OBJC_WEAK = YES;
				CLANG_WARN_BLOCK_CAPTURE_AUTORELEASING = YES;
				CLANG_WARN_BOOL_CONVERSION = YES;
				CLANG_WARN_COMMA = YES;
				CLANG_WARN_CONSTANT_CONVERSION = YES;
				CLANG_WARN_DEPRECATED_OBJC_IMPLEMENTATIONS = YES;
				CLANG_WARN_DIRECT_OBJC_ISA_USAGE = YES_ERROR;
				CLANG_WARN_DOCUMENTATION_COMMENTS = YES;
				CLANG_WARN_EMPTY_BODY = YES;
				CLANG_WARN_ENUM_CONVERSION = YES;
				CLANG_WARN_INFINITE_RECURSION = YES;
				CLANG_WARN_INT_CONVERSION = YES;
				CLANG_WARN_NON_LITERAL_NULL_CONVERSION = YES;
				CLANG_WARN_OBJC_IMPLICIT_RETAIN_SELF = YES;
				CLANG_WARN_OBJC_LITERAL_CONVERSION = YES;
				CLANG_WARN_OBJC_ROOT_CLASS = YES_ERROR;
				CLANG_WARN_QUOTED_INCLUDE_IN_FRAMEWORK_HEADER = YES;
				CLANG_WARN_RANGE_LOOP_ANALYSIS = YES;
				CLANG_WARN_STRICT_PROTOTYPES = YES;
				CLANG_WARN_SUSPICIOUS_MOVE = YES;
				CLANG_WARN_UNGUARDED_AVAILABILITY = YES_AGGRESSIVE;
				CLANG_WARN_UNREACHABLE_CODE = YES;
				CLANG_WARN__DUPLICATE_METHOD_MATCH = YES;
				COPY_PHASE_STRIP = NO;
				DEBUG_INFORMATION_FORMAT = "dwarf-with-dsym";
				ENABLE_NS_ASSERTIONS = NO;
				ENABLE_STRICT_OBJC_MSGSEND = YES;
				GCC_C_LANGUAGE_STANDARD = gnu11;
				GCC_NO_COMMON_BLOCKS = YES;
				GCC_WARN_64_TO_32_BIT_CONVERSION = YES;
				GCC_WARN_ABOUT_RETURN_TYPE = YES_ERROR;
				GCC_WARN_UNDECLARED_SELECTOR = YES;
				GCC_WARN_UNINITIALIZED_AUTOS = YES_AGGRESSIVE;
				GCC_WARN_UNUSED_FUNCTION = YES;
				GCC_WARN_UNUSED_VARIABLE = YES;
				IPHONEOS_DEPLOYMENT_TARGET = 16.4;
				MTL_ENABLE_DEBUG_INFO = NO;
				MTL_FAST_MATH = YES;
				SDKROOT = iphoneos;
				SWIFT_COMPILATION_MODE = wholemodule;
				SWIFT_OPTIMIZATION_LEVEL = "-O";
				VALIDATE_PRODUCT = YES;
			};
			name = Release;
		};
		553316F82A955356008627D9 /* Debug */ = {
			isa = XCBuildConfiguration;
			buildSettings = {
				ASSETCATALOG_COMPILER_APPICON_NAME = AppIcon;
				ASSETCATALOG_COMPILER_GLOBAL_ACCENT_COLOR_NAME = AccentColor;
				CODE_SIGN_STYLE = Automatic;
				CURRENT_PROJECT_VERSION = 1;
				DEVELOPMENT_ASSET_PATHS = "\"LandmarksRepo/Preview Content\"";
				DEVELOPMENT_TEAM = 3S9H25M949;
				ENABLE_PREVIEWS = YES;
				GENERATE_INFOPLIST_FILE = YES;
				INFOPLIST_KEY_UIApplicationSceneManifest_Generation = YES;
				INFOPLIST_KEY_UIApplicationSupportsIndirectInputEvents = YES;
				INFOPLIST_KEY_UILaunchScreen_Generation = YES;
				INFOPLIST_KEY_UISupportedInterfaceOrientations_iPad = "UIInterfaceOrientationPortrait UIInterfaceOrientationPortraitUpsideDown UIInterfaceOrientationLandscapeLeft UIInterfaceOrientationLandscapeRight";
				INFOPLIST_KEY_UISupportedInterfaceOrientations_iPhone = "UIInterfaceOrientationPortrait UIInterfaceOrientationLandscapeLeft UIInterfaceOrientationLandscapeRight";
				LD_RUNPATH_SEARCH_PATHS = (
					"$(inherited)",
					"@executable_path/Frameworks",
				);
				MARKETING_VERSION = 1.0;
				PRODUCT_BUNDLE_IDENTIFIER = com.teutsch.LandmarksRepo;
				PRODUCT_NAME = "$(TARGET_NAME)";
				SWIFT_EMIT_LOC_STRINGS = YES;
				SWIFT_VERSION = 5.0;
				TARGETED_DEVICE_FAMILY = "1,2";
			};
			name = Debug;
		};
		553316F92A955356008627D9 /* Release */ = {
			isa = XCBuildConfiguration;
			buildSettings = {
				ASSETCATALOG_COMPILER_APPICON_NAME = AppIcon;
				ASSETCATALOG_COMPILER_GLOBAL_ACCENT_COLOR_NAME = AccentColor;
				CODE_SIGN_STYLE = Automatic;
				CURRENT_PROJECT_VERSION = 1;
				DEVELOPMENT_ASSET_PATHS = "\"LandmarksRepo/Preview Content\"";
				DEVELOPMENT_TEAM = 3S9H25M949;
				ENABLE_PREVIEWS = YES;
				GENERATE_INFOPLIST_FILE = YES;
				INFOPLIST_KEY_UIApplicationSceneManifest_Generation = YES;
				INFOPLIST_KEY_UIApplicationSupportsIndirectInputEvents = YES;
				INFOPLIST_KEY_UILaunchScreen_Generation = YES;
				INFOPLIST_KEY_UISupportedInterfaceOrientations_iPad = "UIInterfaceOrientationPortrait UIInterfaceOrientationPortraitUpsideDown UIInterfaceOrientationLandscapeLeft UIInterfaceOrientationLandscapeRight";
				INFOPLIST_KEY_UISupportedInterfaceOrientations_iPhone = "UIInterfaceOrientationPortrait UIInterfaceOrientationLandscapeLeft UIInterfaceOrientationLandscapeRight";
				LD_RUNPATH_SEARCH_PATHS = (
					"$(inherited)",
					"@executable_path/Frameworks",
				);
				MARKETING_VERSION = 1.0;
				PRODUCT_BUNDLE_IDENTIFIER = com.teutsch.LandmarksRepo;
				PRODUCT_NAME = "$(TARGET_NAME)";
				SWIFT_EMIT_LOC_STRINGS = YES;
				SWIFT_VERSION = 5.0;
				TARGETED_DEVICE_FAMILY = "1,2";
			};
			name = Release;
		};
/* End XCBuildConfiguration section */

/* Begin XCConfigurationList section */
		553316E42A955355008627D9 /* Build configuration list for PBXProject "LandmarksRepo" */ = {
			isa = XCConfigurationList;
			buildConfigurations = (
				553316F52A955356008627D9 /* Debug */,
				553316F62A955356008627D9 /* Release */,
			);
			defaultConfigurationIsVisible = 0;
			defaultConfigurationName = Release;
		};
		553316F72A955356008627D9 /* Build configuration list for PBXNativeTarget "LandmarksRepo" */ = {
			isa = XCConfigurationList;
			buildConfigurations = (
				553316F82A955356008627D9 /* Debug */,
				553316F92A955356008627D9 /* Release */,
			);
			defaultConfigurationIsVisible = 0;
			defaultConfigurationName = Release;
		};
/* End XCConfigurationList section */
	};
	rootObject = 553316E12A955355008627D9 /* Project object */;
}
